
Microsoft Visual Studio Solution File, Format Version 12.00
# Visual Studio Version 17
VisualStudioVersion = 17.1.32210.238
MinimumVisualStudioVersion = 10.0.40219.1
Project("{9A19103F-16F7-4668-BE54-9A1E7A4F7556}") = "CodeGenerator", "CodeGenerator.csproj", "{81D2DD2F-E052-4AB7-B502-C1A4F7ACD605}"
EndProject
Project("{2150E333-8FDC-42A3-9474-1A3956D46DE8}") = "Solution Items", "Solution Items", "{17246D24-5822-4109-B636-68F4B821250E}"
	ProjectSection(SolutionItems) = preProject
		.editorconfig = .editorconfig
	EndProjectSection
EndProject
Project("{FAE04EC0-301F-11D3-BF4B-00C04F79EFBC}") = "TestCodeGenerator", "..\TestCodeGenerator\TestCodeGenerator.csproj", "{1276DA37-75E5-4D20-91B0-A9709D48EB3B}"
EndProject
Global
	GlobalSection(SolutionConfigurationPlatforms) = preSolution
		Debug|Any CPU = Debug|Any CPU
		Release|Any CPU = Release|Any CPU
	EndGlobalSection
	GlobalSection(ProjectConfigurationPlatforms) = postSolution
		{81D2DD2F-E052-4AB7-B502-C1A4F7ACD605}.Debug|Any CPU.ActiveCfg = Debug|Any CPU
		{81D2DD2F-E052-4AB7-B502-C1A4F7ACD605}.Debug|Any CPU.Build.0 = Debug|Any CPU
		{81D2DD2F-E052-4AB7-B502-C1A4F7ACD605}.Release|Any CPU.ActiveCfg = Release|Any CPU
		{81D2DD2F-E052-4AB7-B502-C1A4F7ACD605}.Release|Any CPU.Build.0 = Release|Any CPU
		{1276DA37-75E5-4D20-91B0-A9709D48EB3B}.Debug|Any CPU.ActiveCfg = Debug|Any CPU
		{1276DA37-75E5-4D20-91B0-A9709D48EB3B}.Debug|Any CPU.Build.0 = Debug|Any CPU
		{1276DA37-75E5-4D20-91B0-A9709D48EB3B}.Release|Any CPU.ActiveCfg = Release|Any CPU
		{1276DA37-75E5-4D20-91B0-A9709D48EB3B}.Release|Any CPU.Build.0 = Release|Any CPU
	EndGlobalSection
	GlobalSection(SolutionProperties) = preSolution
		HideSolutionNode = FALSE
	EndGlobalSection
	GlobalSection(ExtensibilityGlobals) = postSolution
		SolutionGuid = {F1578108-38F1-41D5-8191-352A56F5AC10}
	EndGlobalSection
EndGlobal
