Microsoft Visual Studio Solution File, Format Version 12.00
# Visual Studio Version 17
VisualStudioVersion = 17.9.34723.18
MinimumVisualStudioVersion = 10.0.40219.1
Project("{9A19103F-16F7-4668-BE54-9A1E7A4F7556}") = "WebApi", "WebApi\WebApi.csproj", "{F3B682F4-B34F-472C-B6DE-474AD6F3A9EA}"
EndProject
Project("{9A19103F-16F7-4668-BE54-9A1E7A4F7556}") = "DataAccessLayer", "DataAccessLayer\DataAccessLayer.csproj", "{CE2A1CB1-3F03-4350-9551-B4FC41A0EA72}"
EndProject
Project("{9A19103F-16F7-4668-BE54-9A1E7A4F7556}") = "BuisinessLogicLayer", "BuisinessLogicLayer\BuisinessLogicLayer.csproj", "{B408540A-3C03-42C2-8FF1-919B56842354}"
EndProject
Project("{9A19103F-16F7-4668-BE54-9A1E7A4F7556}") = "Tests", "Tests\Tests.csproj", "{4C8CD9EB-F818-44B1-A926-8C713C045239}"
EndProject
Global
	GlobalSection(SolutionConfigurationPlatforms) = preSolution
		Debug|Any CPU = Debug|Any CPU
		Release|Any CPU = Release|Any CPU
	EndGlobalSection
	GlobalSection(ProjectConfigurationPlatforms) = postSolution
		{F3B682F4-B34F-472C-B6DE-474AD6F3A9EA}.Debug|Any CPU.ActiveCfg = Debug|Any CPU
		{F3B682F4-B34F-472C-B6DE-474AD6F3A9EA}.Debug|Any CPU.Build.0 = Debug|Any CPU
		{F3B682F4-B34F-472C-B6DE-474AD6F3A9EA}.Release|Any CPU.ActiveCfg = Release|Any CPU
		{F3B682F4-B34F-472C-B6DE-474AD6F3A9EA}.Release|Any CPU.Build.0 = Release|Any CPU
		{CE2A1CB1-3F03-4350-9551-B4FC41A0EA72}.Debug|Any CPU.ActiveCfg = Debug|Any CPU
		{CE2A1CB1-3F03-4350-9551-B4FC41A0EA72}.Debug|Any CPU.Build.0 = Debug|Any CPU
		{CE2A1CB1-3F03-4350-9551-B4FC41A0EA72}.Release|Any CPU.ActiveCfg = Release|Any CPU
		{CE2A1CB1-3F03-4350-9551-B4FC41A0EA72}.Release|Any CPU.Build.0 = Release|Any CPU
		{B408540A-3C03-42C2-8FF1-919B56842354}.Debug|Any CPU.ActiveCfg = Debug|Any CPU
		{B408540A-3C03-42C2-8FF1-919B56842354}.Debug|Any CPU.Build.0 = Debug|Any CPU
		{B408540A-3C03-42C2-8FF1-919B56842354}.Release|Any CPU.ActiveCfg = Release|Any CPU
		{B408540A-3C03-42C2-8FF1-919B56842354}.Release|Any CPU.Build.0 = Release|Any CPU
		{4C8CD9EB-F818-44B1-A926-8C713C045239}.Debug|Any CPU.ActiveCfg = Debug|Any CPU
		{4C8CD9EB-F818-44B1-A926-8C713C045239}.Debug|Any CPU.Build.0 = Debug|Any CPU
		{4C8CD9EB-F818-44B1-A926-8C713C045239}.Release|Any CPU.ActiveCfg = Release|Any CPU
		{4C8CD9EB-F818-44B1-A926-8C713C045239}.Release|Any CPU.Build.0 = Release|Any CPU
	EndGlobalSection
	GlobalSection(SolutionProperties) = preSolution
		HideSolutionNode = FALSE
	EndGlobalSection
	GlobalSection(ExtensibilityGlobals) = postSolution
		SolutionGuid = {FE0C741C-B33A-4809-930B-1726857AC933}
	EndGlobalSection
EndGlobal
